// !$*UTF8*$!
{
	archiveVersion = 1;
	classes = {
	};
	objectVersion = 50;
	objects = {

/* Begin PBXBuildFile section */
		B5086E832295788400C6F83C /* cloudsScene.swift in Sources */ = {isa = PBXBuildFile; fileRef = B5086E822295788400C6F83C /* cloudsScene.swift */; };
		B50C9D892281A664001827ED /* IAPHelper.swift in Sources */ = {isa = PBXBuildFile; fileRef = B50C9D882281A664001827ED /* IAPHelper.swift */; };
		B50C9D8B2281A68F001827ED /* BosqueProducts.swift in Sources */ = {isa = PBXBuildFile; fileRef = B50C9D8A2281A68F001827ED /* BosqueProducts.swift */; };
		B50C9D8D2281B2F0001827ED /* StoreKit.framework in Frameworks */ = {isa = PBXBuildFile; fileRef = B50C9D8C2281B2F0001827ED /* StoreKit.framework */; };
		B50CDCA92264CA8D00671642 /* AppDelegate.swift in Sources */ = {isa = PBXBuildFile; fileRef = B50CDCA82264CA8D00671642 /* AppDelegate.swift */; };
		B50CDCAB2264CA8D00671642 /* ViewController.swift in Sources */ = {isa = PBXBuildFile; fileRef = B50CDCAA2264CA8D00671642 /* ViewController.swift */; };
		B50CDCAE2264CA8D00671642 /* Main.storyboard in Resources */ = {isa = PBXBuildFile; fileRef = B50CDCAC2264CA8D00671642 /* Main.storyboard */; };
		B50CDCB12264CA8D00671642 /* bosque.xcdatamodeld in Sources */ = {isa = PBXBuildFile; fileRef = B50CDCAF2264CA8D00671642 /* bosque.xcdatamodeld */; };
		B50CDCB32264CA8E00671642 /* Assets.xcassets in Resources */ = {isa = PBXBuildFile; fileRef = B50CDCB22264CA8E00671642 /* Assets.xcassets */; };
		B50CDCB62264CA8E00671642 /* LaunchScreen.storyboard in Resources */ = {isa = PBXBuildFile; fileRef = B50CDCB42264CA8E00671642 /* LaunchScreen.storyboard */; };
		B50F2F6B2285A9180005A08A /* Reachability.swift in Sources */ = {isa = PBXBuildFile; fileRef = B50F2F6A2285A9180005A08A /* Reachability.swift */; };
		B53A0C84227CB8A700FF6743 /* DetailViewController.swift in Sources */ = {isa = PBXBuildFile; fileRef = B53A0C83227CB8A700FF6743 /* DetailViewController.swift */; };
		B5DB3B0F22772EC400DFE34C /* Main.sks in Resources */ = {isa = PBXBuildFile; fileRef = B5DB3B0E22772EC400DFE34C /* Main.sks */; };
		B5DB3B1122773D3F00DFE34C /* MainScene.swift in Sources */ = {isa = PBXBuildFile; fileRef = B5DB3B1022773D3F00DFE34C /* MainScene.swift */; };
		B5FCDD4B22665E5A00D60558 /* CloudKit.framework in Frameworks */ = {isa = PBXBuildFile; fileRef = B5FCDD4A22665E5A00D60558 /* CloudKit.framework */; };
		C8FB1103463B87B276EFB5C0 /* Pods_bosque.framework in Frameworks */ = {isa = PBXBuildFile; fileRef = D118BAB579F6A8D503E14659 /* Pods_bosque.framework */; };
/* End PBXBuildFile section */

/* Begin PBXFileReference section */
		4D548AF8C3FAA69A0200E098 /* Pods-bosque.debug.xcconfig */ = {isa = PBXFileReference; includeInIndex = 1; lastKnownFileType = text.xcconfig; name = "Pods-bosque.debug.xcconfig"; path = "Pods/Target Support Files/Pods-bosque/Pods-bosque.debug.xcconfig"; sourceTree = "<group>"; };
		6E869CA94F01999F55AA1CF1 /* Pods-bosque.release.xcconfig */ = {isa = PBXFileReference; includeInIndex = 1; lastKnownFileType = text.xcconfig; name = "Pods-bosque.release.xcconfig"; path = "Pods/Target Support Files/Pods-bosque/Pods-bosque.release.xcconfig"; sourceTree = "<group>"; };
		B5086E822295788400C6F83C /* cloudsScene.swift */ = {isa = PBXFileReference; lastKnownFileType = sourcecode.swift; path = cloudsScene.swift; sourceTree = "<group>"; };
		B50C9D882281A664001827ED /* IAPHelper.swift */ = {isa = PBXFileReference; lastKnownFileType = sourcecode.swift; path = IAPHelper.swift; sourceTree = "<group>"; };
		B50C9D8A2281A68F001827ED /* BosqueProducts.swift */ = {isa = PBXFileReference; lastKnownFileType = sourcecode.swift; path = BosqueProducts.swift; sourceTree = "<group>"; };
		B50C9D8C2281B2F0001827ED /* StoreKit.framework */ = {isa = PBXFileReference; lastKnownFileType = wrapper.framework; name = StoreKit.framework; path = System/Library/Frameworks/StoreKit.framework; sourceTree = SDKROOT; };
		B50CDCA52264CA8D00671642 /* bosque.app */ = {isa = PBXFileReference; explicitFileType = wrapper.application; includeInIndex = 0; path = bosque.app; sourceTree = BUILT_PRODUCTS_DIR; };
		B50CDCA82264CA8D00671642 /* AppDelegate.swift */ = {isa = PBXFileReference; lastKnownFileType = sourcecode.swift; path = AppDelegate.swift; sourceTree = "<group>"; };
		B50CDCAA2264CA8D00671642 /* ViewController.swift */ = {isa = PBXFileReference; lastKnownFileType = sourcecode.swift; path = ViewController.swift; sourceTree = "<group>"; };
		B50CDCAD2264CA8D00671642 /* Base */ = {isa = PBXFileReference; lastKnownFileType = file.storyboard; name = Base; path = Base.lproj/Main.storyboard; sourceTree = "<group>"; };
		B50CDCB02264CA8D00671642 /* bosque.xcdatamodel */ = {isa = PBXFileReference; lastKnownFileType = wrapper.xcdatamodel; path = bosque.xcdatamodel; sourceTree = "<group>"; };
		B50CDCB22264CA8E00671642 /* Assets.xcassets */ = {isa = PBXFileReference; lastKnownFileType = folder.assetcatalog; path = Assets.xcassets; sourceTree = "<group>"; };
		B50CDCB52264CA8E00671642 /* Base */ = {isa = PBXFileReference; lastKnownFileType = file.storyboard; name = Base; path = Base.lproj/LaunchScreen.storyboard; sourceTree = "<group>"; };
		B50CDCB72264CA8E00671642 /* Info.plist */ = {isa = PBXFileReference; lastKnownFileType = text.plist.xml; path = Info.plist; sourceTree = "<group>"; };
		B50F2F6A2285A9180005A08A /* Reachability.swift */ = {isa = PBXFileReference; lastKnownFileType = sourcecode.swift; path = Reachability.swift; sourceTree = "<group>"; };
		B53A0C83227CB8A700FF6743 /* DetailViewController.swift */ = {isa = PBXFileReference; lastKnownFileType = sourcecode.swift; name = DetailViewController.swift; path = bosque/Controllers/DetailViewController.swift; sourceTree = SOURCE_ROOT; };
		B5DB3B0E22772EC400DFE34C /* Main.sks */ = {isa = PBXFileReference; lastKnownFileType = file.sks; path = Main.sks; sourceTree = "<group>"; };
		B5DB3B1022773D3F00DFE34C /* MainScene.swift */ = {isa = PBXFileReference; lastKnownFileType = sourcecode.swift; path = MainScene.swift; sourceTree = "<group>"; };
		B5EFA63E2296DC3700212BBF /* Marker Felt Thin.ttf */ = {isa = PBXFileReference; lastKnownFileType = file; path = "Marker Felt Thin.ttf"; sourceTree = "<group>"; };
		B5FCDD4822665E5500D60558 /* bosque.entitlements */ = {isa = PBXFileReference; lastKnownFileType = text.plist.entitlements; path = bosque.entitlements; sourceTree = "<group>"; };
		B5FCDD4A22665E5A00D60558 /* CloudKit.framework */ = {isa = PBXFileReference; lastKnownFileType = wrapper.framework; name = CloudKit.framework; path = System/Library/Frameworks/CloudKit.framework; sourceTree = SDKROOT; };
		B8F805702296C98B00B872B0 /* Marker Felt Thin.ttf */ = {isa = PBXFileReference; lastKnownFileType = file; path = "Marker Felt Thin.ttf"; sourceTree = "<group>"; };
		D118BAB579F6A8D503E14659 /* Pods_bosque.framework */ = {isa = PBXFileReference; explicitFileType = wrapper.framework; includeInIndex = 0; path = Pods_bosque.framework; sourceTree = BUILT_PRODUCTS_DIR; };
/* End PBXFileReference section */

/* Begin PBXFrameworksBuildPhase section */
		B50CDCA22264CA8D00671642 /* Frameworks */ = {
			isa = PBXFrameworksBuildPhase;
			buildActionMask = 2147483647;
			files = (
				B50C9D8D2281B2F0001827ED /* StoreKit.framework in Frameworks */,
				B5FCDD4B22665E5A00D60558 /* CloudKit.framework in Frameworks */,
				C8FB1103463B87B276EFB5C0 /* Pods_bosque.framework in Frameworks */,
			);
			runOnlyForDeploymentPostprocessing = 0;
		};
/* End PBXFrameworksBuildPhase section */

/* Begin PBXGroup section */
		B50CDC9C2264CA8D00671642 = {
			isa = PBXGroup;
			children = (
				B50CDCA72264CA8D00671642 /* bosque */,
				B50CDCA62264CA8D00671642 /* Products */,
				B5FCDD4922665E5A00D60558 /* Frameworks */,
				E32A8402F499A07A7B63F7E5 /* Pods */,
			);
			sourceTree = "<group>";
		};
		B50CDCA62264CA8D00671642 /* Products */ = {
			isa = PBXGroup;
			children = (
				B50CDCA52264CA8D00671642 /* bosque.app */,
			);
			name = Products;
			sourceTree = "<group>";
		};
		B50CDCA72264CA8D00671642 /* bosque */ = {
			isa = PBXGroup;
			children = (
				B5FCDD4822665E5500D60558 /* bosque.entitlements */,
				B50CDCAF2264CA8D00671642 /* bosque.xcdatamodeld */,
				B50CDCB72264CA8E00671642 /* Info.plist */,
				B8F805702296C98B00B872B0 /* Marker Felt Thin.ttf */,
				B55A0B1522788A5D00DE04A3 /* Application */,
				B55A0B1722788AB700DE04A3 /* Interfaces */,
				B55A0B1622788A7A00DE04A3 /* Controllers */,
				B50CDCB22264CA8E00671642 /* Assets.xcassets */,
				B5EFA63E2296DC3700212BBF /* Marker Felt Thin.ttf */,
			);
			path = bosque;
			sourceTree = "<group>";
		};
		B55A0B1522788A5D00DE04A3 /* Application */ = {
			isa = PBXGroup;
			children = (
				B50C9D882281A664001827ED /* IAPHelper.swift */,
				B50F2F6A2285A9180005A08A /* Reachability.swift */,
				B50C9D8A2281A68F001827ED /* BosqueProducts.swift */,
				B50CDCA82264CA8D00671642 /* AppDelegate.swift */,
			);
			path = Application;
			sourceTree = "<group>";
		};
		B55A0B1622788A7A00DE04A3 /* Controllers */ = {
			isa = PBXGroup;
			children = (
				B53A0C83227CB8A700FF6743 /* DetailViewController.swift */,
				B50CDCAA2264CA8D00671642 /* ViewController.swift */,
			);
			path = Controllers;
			sourceTree = "<group>";
		};
		B55A0B1722788AB700DE04A3 /* Interfaces */ = {
			isa = PBXGroup;
			children = (
				B50CDCB42264CA8E00671642 /* LaunchScreen.storyboard */,
				B50CDCAC2264CA8D00671642 /* Main.storyboard */,
				B5086E822295788400C6F83C /* cloudsScene.swift */,
				B5DB3B0E22772EC400DFE34C /* Main.sks */,
				B5DB3B1022773D3F00DFE34C /* MainScene.swift */,
			);
			path = Interfaces;
			sourceTree = "<group>";
		};
		B5FCDD4922665E5A00D60558 /* Frameworks */ = {
			isa = PBXGroup;
			children = (
				B50C9D8C2281B2F0001827ED /* StoreKit.framework */,
				B5FCDD4A22665E5A00D60558 /* CloudKit.framework */,
				D118BAB579F6A8D503E14659 /* Pods_bosque.framework */,
			);
			name = Frameworks;
			sourceTree = "<group>";
		};
		E32A8402F499A07A7B63F7E5 /* Pods */ = {
			isa = PBXGroup;
			children = (
				4D548AF8C3FAA69A0200E098 /* Pods-bosque.debug.xcconfig */,
				6E869CA94F01999F55AA1CF1 /* Pods-bosque.release.xcconfig */,
			);
			name = Pods;
			sourceTree = "<group>";
		};
/* End PBXGroup section */

/* Begin PBXNativeTarget section */
		B50CDCA42264CA8D00671642 /* bosque */ = {
			isa = PBXNativeTarget;
			buildConfigurationList = B50CDCBA2264CA8E00671642 /* Build configuration list for PBXNativeTarget "bosque" */;
			buildPhases = (
				93654EED3F1C1286519025E6 /* [CP] Check Pods Manifest.lock */,
				B50CDCA12264CA8D00671642 /* Sources */,
				B50CDCA22264CA8D00671642 /* Frameworks */,
				B50CDCA32264CA8D00671642 /* Resources */,
				AC510E87AE48834398C0A462 /* [CP] Embed Pods Frameworks */,
			);
			buildRules = (
			);
			dependencies = (
			);
			name = bosque;
			productName = bosque;
			productReference = B50CDCA52264CA8D00671642 /* bosque.app */;
			productType = "com.apple.product-type.application";
		};
/* End PBXNativeTarget section */

/* Begin PBXProject section */
		B50CDC9D2264CA8D00671642 /* Project object */ = {
			isa = PBXProject;
			attributes = {
				LastSwiftUpdateCheck = 1010;
				LastUpgradeCheck = 1010;
				ORGANIZATIONNAME = "João Melo";
				TargetAttributes = {
					B50CDCA42264CA8D00671642 = {
						CreatedOnToolsVersion = 10.1;
						SystemCapabilities = {
							com.apple.InAppPurchase = {
								enabled = 1;
							};
							com.apple.Push = {
								enabled = 1;
							};
							com.apple.iCloud = {
								enabled = 1;
							};
						};
					};
				};
			};
			buildConfigurationList = B50CDCA02264CA8D00671642 /* Build configuration list for PBXProject "bosque" */;
			compatibilityVersion = "Xcode 9.3";
			developmentRegion = en;
			hasScannedForEncodings = 0;
			knownRegions = (
				en,
				Base,
			);
			mainGroup = B50CDC9C2264CA8D00671642;
			productRefGroup = B50CDCA62264CA8D00671642 /* Products */;
			projectDirPath = "";
			projectRoot = "";
			targets = (
				B50CDCA42264CA8D00671642 /* bosque */,
			);
		};
/* End PBXProject section */

/* Begin PBXResourcesBuildPhase section */
		B50CDCA32264CA8D00671642 /* Resources */ = {
			isa = PBXResourcesBuildPhase;
			buildActionMask = 2147483647;
			files = (
				B50CDCB62264CA8E00671642 /* LaunchScreen.storyboard in Resources */,
				B50CDCB32264CA8E00671642 /* Assets.xcassets in Resources */,
				B5DB3B0F22772EC400DFE34C /* Main.sks in Resources */,
				B50CDCAE2264CA8D00671642 /* Main.storyboard in Resources */,
			);
			runOnlyForDeploymentPostprocessing = 0;
		};
/* End PBXResourcesBuildPhase section */

/* Begin PBXShellScriptBuildPhase section */
		93654EED3F1C1286519025E6 /* [CP] Check Pods Manifest.lock */ = {
			isa = PBXShellScriptBuildPhase;
			buildActionMask = 2147483647;
			files = (
			);
			inputFileListPaths = (
			);
			inputPaths = (
				"${PODS_PODFILE_DIR_PATH}/Podfile.lock",
				"${PODS_ROOT}/Manifest.lock",
			);
			name = "[CP] Check Pods Manifest.lock";
			outputFileListPaths = (
			);
			outputPaths = (
				"$(DERIVED_FILE_DIR)/Pods-bosque-checkManifestLockResult.txt",
			);
			runOnlyForDeploymentPostprocessing = 0;
			shellPath = /bin/sh;
			shellScript = "diff \"${PODS_PODFILE_DIR_PATH}/Podfile.lock\" \"${PODS_ROOT}/Manifest.lock\" > /dev/null\nif [ $? != 0 ] ; then\n    # print error to STDERR\n    echo \"error: The sandbox is not in sync with the Podfile.lock. Run 'pod install' or update your CocoaPods installation.\" >&2\n    exit 1\nfi\n# This output is used by Xcode 'outputs' to avoid re-running this script phase.\necho \"SUCCESS\" > \"${SCRIPT_OUTPUT_FILE_0}\"\n";
			showEnvVarsInLog = 0;
		};
		AC510E87AE48834398C0A462 /* [CP] Embed Pods Frameworks */ = {
			isa = PBXShellScriptBuildPhase;
			buildActionMask = 2147483647;
			files = (
			);
			inputFileListPaths = (
			);
			inputPaths = (
				"${PODS_ROOT}/Target Support Files/Pods-bosque/Pods-bosque-frameworks.sh",
				"${BUILT_PRODUCTS_DIR}/GoogleUtilities/GoogleUtilities.framework",
				"${BUILT_PRODUCTS_DIR}/nanopb/nanopb.framework",
			);
			name = "[CP] Embed Pods Frameworks";
			outputFileListPaths = (
			);
			outputPaths = (
				"${TARGET_BUILD_DIR}/${FRAMEWORKS_FOLDER_PATH}/GoogleUtilities.framework",
				"${TARGET_BUILD_DIR}/${FRAMEWORKS_FOLDER_PATH}/nanopb.framework",
			);
			runOnlyForDeploymentPostprocessing = 0;
			shellPath = /bin/sh;
			shellScript = "\"${PODS_ROOT}/Target Support Files/Pods-bosque/Pods-bosque-frameworks.sh\"\n";
			showEnvVarsInLog = 0;
		};
/* End PBXShellScriptBuildPhase section */

/* Begin PBXSourcesBuildPhase section */
		B50CDCA12264CA8D00671642 /* Sources */ = {
			isa = PBXSourcesBuildPhase;
			buildActionMask = 2147483647;
			files = (
				B50C9D8B2281A68F001827ED /* BosqueProducts.swift in Sources */,
				B50CDCAB2264CA8D00671642 /* ViewController.swift in Sources */,
				B5DB3B1122773D3F00DFE34C /* MainScene.swift in Sources */,
				B5086E832295788400C6F83C /* cloudsScene.swift in Sources */,
				B53A0C84227CB8A700FF6743 /* DetailViewController.swift in Sources */,
				B50CDCA92264CA8D00671642 /* AppDelegate.swift in Sources */,
				B50C9D892281A664001827ED /* IAPHelper.swift in Sources */,
				B50F2F6B2285A9180005A08A /* Reachability.swift in Sources */,
				B50CDCB12264CA8D00671642 /* bosque.xcdatamodeld in Sources */,
			);
			runOnlyForDeploymentPostprocessing = 0;
		};
/* End PBXSourcesBuildPhase section */

/* Begin PBXVariantGroup section */
		B50CDCAC2264CA8D00671642 /* Main.storyboard */ = {
			isa = PBXVariantGroup;
			children = (
				B50CDCAD2264CA8D00671642 /* Base */,
			);
			name = Main.storyboard;
			sourceTree = "<group>";
		};
		B50CDCB42264CA8E00671642 /* LaunchScreen.storyboard */ = {
			isa = PBXVariantGroup;
			children = (
				B50CDCB52264CA8E00671642 /* Base */,
			);
			name = LaunchScreen.storyboard;
			sourceTree = "<group>";
		};
/* End PBXVariantGroup section */

/* Begin XCBuildConfiguration section */
		B50CDCB82264CA8E00671642 /* Debug */ = {
			isa = XCBuildConfiguration;
			buildSettings = {
				ALWAYS_SEARCH_USER_PATHS = NO;
				CLANG_ANALYZER_NONNULL = YES;
				CLANG_ANALYZER_NUMBER_OBJECT_CONVERSION = YES_AGGRESSIVE;
				CLANG_CXX_LANGUAGE_STANDARD = "gnu++14";
				CLANG_CXX_LIBRARY = "libc++";
				CLANG_ENABLE_MODULES = YES;
				CLANG_ENABLE_OBJC_ARC = YES;
				CLANG_ENABLE_OBJC_WEAK = YES;
				CLANG_WARN_BLOCK_CAPTURE_AUTORELEASING = YES;
				CLANG_WARN_BOOL_CONVERSION = YES;
				CLANG_WARN_COMMA = YES;
				CLANG_WARN_CONSTANT_CONVERSION = YES;
				CLANG_WARN_DEPRECATED_OBJC_IMPLEMENTATIONS = YES;
				CLANG_WARN_DIRECT_OBJC_ISA_USAGE = YES_ERROR;
				CLANG_WARN_DOCUMENTATION_COMMENTS = YES;
				CLANG_WARN_EMPTY_BODY = YES;
				CLANG_WARN_ENUM_CONVERSION = YES;
				CLANG_WARN_INFINITE_RECURSION = YES;
				CLANG_WARN_INT_CONVERSION = YES;
				CLANG_WARN_NON_LITERAL_NULL_CONVERSION = YES;
				CLANG_WARN_OBJC_IMPLICIT_RETAIN_SELF = YES;
				CLANG_WARN_OBJC_LITERAL_CONVERSION = YES;
				CLANG_WARN_OBJC_ROOT_CLASS = YES_ERROR;
				CLANG_WARN_RANGE_LOOP_ANALYSIS = YES;
				CLANG_WARN_STRICT_PROTOTYPES = YES;
				CLANG_WARN_SUSPICIOUS_MOVE = YES;
				CLANG_WARN_UNGUARDED_AVAILABILITY = YES_AGGRESSIVE;
				CLANG_WARN_UNREACHABLE_CODE = YES;
				CLANG_WARN__DUPLICATE_METHOD_MATCH = YES;
				CODE_SIGN_IDENTITY = "iPhone Developer";
				COPY_PHASE_STRIP = NO;
				DEBUG_INFORMATION_FORMAT = dwarf;
				ENABLE_STRICT_OBJC_MSGSEND = YES;
				ENABLE_TESTABILITY = YES;
				GCC_C_LANGUAGE_STANDARD = gnu11;
				GCC_DYNAMIC_NO_PIC = NO;
				GCC_NO_COMMON_BLOCKS = YES;
				GCC_OPTIMIZATION_LEVEL = 0;
				GCC_PREPROCESSOR_DEFINITIONS = (
					"DEBUG=1",
					"$(inherited)",
				);
				GCC_WARN_64_TO_32_BIT_CONVERSION = YES;
				GCC_WARN_ABOUT_RETURN_TYPE = YES_ERROR;
				GCC_WARN_UNDECLARED_SELECTOR = YES;
				GCC_WARN_UNINITIALIZED_AUTOS = YES_AGGRESSIVE;
				GCC_WARN_UNUSED_FUNCTION = YES;
				GCC_WARN_UNUSED_VARIABLE = YES;
				IPHONEOS_DEPLOYMENT_TARGET = 12.1;
				MTL_ENABLE_DEBUG_INFO = INCLUDE_SOURCE;
				MTL_FAST_MATH = YES;
				ONLY_ACTIVE_ARCH = YES;
				SDKROOT = iphoneos;
				SWIFT_ACTIVE_COMPILATION_CONDITIONS = DEBUG;
				SWIFT_OPTIMIZATION_LEVEL = "-Onone";
			};
			name = Debug;
		};
		B50CDCB92264CA8E00671642 /* Release */ = {
			isa = XCBuildConfiguration;
			buildSettings = {
				ALWAYS_SEARCH_USER_PATHS = NO;
				CLANG_ANALYZER_NONNULL = YES;
				CLANG_ANALYZER_NUMBER_OBJECT_CONVERSION = YES_AGGRESSIVE;
				CLANG_CXX_LANGUAGE_STANDARD = "gnu++14";
				CLANG_CXX_LIBRARY = "libc++";
				CLANG_ENABLE_MODULES = YES;
				CLANG_ENABLE_OBJC_ARC = YES;
				CLANG_ENABLE_OBJC_WEAK = YES;
				CLANG_WARN_BLOCK_CAPTURE_AUTORELEASING = YES;
				CLANG_WARN_BOOL_CONVERSION = YES;
				CLANG_WARN_COMMA = YES;
				CLANG_WARN_CONSTANT_CONVERSION = YES;
				CLANG_WARN_DEPRECATED_OBJC_IMPLEMENTATIONS = YES;
				CLANG_WARN_DIRECT_OBJC_ISA_USAGE = YES_ERROR;
				CLANG_WARN_DOCUMENTATION_COMMENTS = YES;
				CLANG_WARN_EMPTY_BODY = YES;
				CLANG_WARN_ENUM_CONVERSION = YES;
				CLANG_WARN_INFINITE_RECURSION = YES;
				CLANG_WARN_INT_CONVERSION = YES;
				CLANG_WARN_NON_LITERAL_NULL_CONVERSION = YES;
				CLANG_WARN_OBJC_IMPLICIT_RETAIN_SELF = YES;
				CLANG_WARN_OBJC_LITERAL_CONVERSION = YES;
				CLANG_WARN_OBJC_ROOT_CLASS = YES_ERROR;
				CLANG_WARN_RANGE_LOOP_ANALYSIS = YES;
				CLANG_WARN_STRICT_PROTOTYPES = YES;
				CLANG_WARN_SUSPICIOUS_MOVE = YES;
				CLANG_WARN_UNGUARDED_AVAILABILITY = YES_AGGRESSIVE;
				CLANG_WARN_UNREACHABLE_CODE = YES;
				CLANG_WARN__DUPLICATE_METHOD_MATCH = YES;
				CODE_SIGN_IDENTITY = "iPhone Developer";
				COPY_PHASE_STRIP = NO;
				DEBUG_INFORMATION_FORMAT = "dwarf-with-dsym";
				ENABLE_NS_ASSERTIONS = NO;
				ENABLE_STRICT_OBJC_MSGSEND = YES;
				GCC_C_LANGUAGE_STANDARD = gnu11;
				GCC_NO_COMMON_BLOCKS = YES;
				GCC_WARN_64_TO_32_BIT_CONVERSION = YES;
				GCC_WARN_ABOUT_RETURN_TYPE = YES_ERROR;
				GCC_WARN_UNDECLARED_SELECTOR = YES;
				GCC_WARN_UNINITIALIZED_AUTOS = YES_AGGRESSIVE;
				GCC_WARN_UNUSED_FUNCTION = YES;
				GCC_WARN_UNUSED_VARIABLE = YES;
				IPHONEOS_DEPLOYMENT_TARGET = 12.1;
				MTL_ENABLE_DEBUG_INFO = NO;
				MTL_FAST_MATH = YES;
				SDKROOT = iphoneos;
				SWIFT_COMPILATION_MODE = wholemodule;
				SWIFT_OPTIMIZATION_LEVEL = "-O";
				VALIDATE_PRODUCT = YES;
			};
			name = Release;
		};
		B50CDCBB2264CA8E00671642 /* Debug */ = {
			isa = XCBuildConfiguration;
			baseConfigurationReference = 4D548AF8C3FAA69A0200E098 /* Pods-bosque.debug.xcconfig */;
			buildSettings = {
				ASSETCATALOG_COMPILER_APPICON_NAME = AppIcon;
				CODE_SIGN_ENTITLEMENTS = bosque/bosque.entitlements;
				CODE_SIGN_STYLE = Automatic;
				DEVELOPMENT_TEAM = 7DTTAG3ERG;
				INFOPLIST_FILE = bosque/Info.plist;
				LD_RUNPATH_SEARCH_PATHS = (
					"$(inherited)",
					"@executable_path/Frameworks",
				);
				PRODUCT_BUNDLE_IDENTIFIER = com.Paixao4.bosque;
				PRODUCT_NAME = "$(TARGET_NAME)";
				SWIFT_VERSION = 4.2;
				TARGETED_DEVICE_FAMILY = "1,2";
			};
			name = Debug;
		};
		B50CDCBC2264CA8E00671642 /* Release */ = {
			isa = XCBuildConfiguration;
			baseConfigurationReference = 6E869CA94F01999F55AA1CF1 /* Pods-bosque.release.xcconfig */;
			buildSettings = {
				ASSETCATALOG_COMPILER_APPICON_NAME = AppIcon;
				CODE_SIGN_ENTITLEMENTS = bosque/bosque.entitlements;
				CODE_SIGN_STYLE = Automatic;
				DEVELOPMENT_TEAM = 7DTTAG3ERG;
				INFOPLIST_FILE = bosque/Info.plist;
				LD_RUNPATH_SEARCH_PATHS = (
					"$(inherited)",
					"@executable_path/Frameworks",
				);
				PRODUCT_BUNDLE_IDENTIFIER = com.Paixao4.bosque;
				PRODUCT_NAME = "$(TARGET_NAME)";
				SWIFT_VERSION = 4.2;
				TARGETED_DEVICE_FAMILY = "1,2";
			};
			name = Release;
		};
/* End XCBuildConfiguration section */

/* Begin XCConfigurationList section */
		B50CDCA02264CA8D00671642 /* Build configuration list for PBXProject "bosque" */ = {
			isa = XCConfigurationList;
			buildConfigurations = (
				B50CDCB82264CA8E00671642 /* Debug */,
				B50CDCB92264CA8E00671642 /* Release */,
			);
			defaultConfigurationIsVisible = 0;
			defaultConfigurationName = Release;
		};
		B50CDCBA2264CA8E00671642 /* Build configuration list for PBXNativeTarget "bosque" */ = {
			isa = XCConfigurationList;
			buildConfigurations = (
				B50CDCBB2264CA8E00671642 /* Debug */,
				B50CDCBC2264CA8E00671642 /* Release */,
			);
			defaultConfigurationIsVisible = 0;
			defaultConfigurationName = Release;
		};
/* End XCConfigurationList section */

/* Begin XCVersionGroup section */
		B50CDCAF2264CA8D00671642 /* bosque.xcdatamodeld */ = {
			isa = XCVersionGroup;
			children = (
				B50CDCB02264CA8D00671642 /* bosque.xcdatamodel */,
			);
			currentVersion = B50CDCB02264CA8D00671642 /* bosque.xcdatamodel */;
			path = bosque.xcdatamodeld;
			sourceTree = "<group>";
			versionGroupType = wrapper.xcdatamodel;
		};
/* End XCVersionGroup section */
	};
	rootObject = B50CDC9D2264CA8D00671642 /* Project object */;
}
